{
  "nodes": {
    "nixos-hardware": {
      "locked": {
        "lastModified": 1640686209,
        "narHash": "sha256-6glXUlKRDhEhNuYx6r3fXU6KH2/Vq9mJZjB9oUpwrmc=",
        "owner": "NixOS",
        "repo": "nixos-hardware",
        "rev": "46df95ca81e7e4cf3458cdb4b7d1714b5fce9da5",
        "type": "github"
      },
      "original": {
        "owner": "NixOS",
        "ref": "master",
        "repo": "nixos-hardware",
        "type": "github"
      }
    },
    "nixpkgs": {
      "locked": {
        "lastModified": 1640798027,
        "narHash": "sha256-1e7bsxWJW0ugkA95AMGL3Da9sHugkz+J4kfYB9fTWZc=",
        "owner": "nixos",
        "repo": "nixpkgs",
        "rev": "8588b14a397e045692d0a87192810b6dddf53003",
        "type": "github"
      },
      "original": {
        "owner": "nixos",
        "ref": "nixos-21.11",
        "repo": "nixpkgs",
        "type": "github"
      }
    },
    "nixpkgs-unstable": {
      "locked": {
        "lastModified": 1640540585,
        "narHash": "sha256-cCmknKFjWgam9jq+58wSd0Z4REia8mjBP65kXcL3ki8=",
        "owner": "NixOS",
        "repo": "nixpkgs",
        "rev": "ac169ec6371f0d835542db654a65e0f2feb07838",
        "type": "github"
      },
      "original": {
        "owner": "NixOS",
        "ref": "nixos-unstable",
        "repo": "nixpkgs",
        "type": "github"
      }
    },
    "nur": {
      "locked": {
        "lastModified": 1640866072,
        "narHash": "sha256-4gEb9DvlmE/dgQCHAiwjyxOxRYmaLC2ckO2vC3sRpD8=",
        "owner": "nix-community",
        "repo": "NUR",
        "rev": "666b6b2e176045c1c77fd52b7c046144caecb8c3",
        "type": "github"
      },
      "original": {
        "id": "nur",
        "type": "indirect"
      }
    },
    "root": {
      "inputs": {
        "nixos-hardware": "nixos-hardware",
        "nixpkgs": "nixpkgs",
        "nixpkgs-unstable": "nixpkgs-unstable",
        "nur": "nur"
      }
    }
  },
  "root": "root",
  "version": 7
}
