{
  "nodes": {
    "nixos-hardware": {
      "locked": {
        "lastModified": 1640686209,
        "narHash": "sha256-6glXUlKRDhEhNuYx6r3fXU6KH2/Vq9mJZjB9oUpwrmc=",
        "owner": "NixOS",
        "repo": "nixos-hardware",
        "rev": "46df95ca81e7e4cf3458cdb4b7d1714b5fce9da5",
        "type": "github"
      },
      "original": {
        "owner": "NixOS",
        "ref": "master",
        "repo": "nixos-hardware",
        "type": "github"
      }
    },
    "nixpkgs": {
      "locked": {
        "lastModified": 1641147223,
        "narHash": "sha256-eJnmISYGR7LeqEev4bsI/qcU0SgeFKHs3jnL4vMGL+k=",
        "owner": "nixos",
        "repo": "nixpkgs",
        "rev": "08370e1e271f6fe00d302bebbe510fe0e2c611ca",
        "type": "github"
      },
      "original": {
        "owner": "nixos",
        "ref": "nixos-21.11",
        "repo": "nixpkgs",
        "type": "github"
      }
    },
    "nixpkgs-unstable": {
      "locked": {
        "lastModified": 1640959792,
        "narHash": "sha256-zYSR//06FU2TDOpKKj0Hkff6unsxk3NwwNFuB1loU6E=",
        "owner": "NixOS",
        "repo": "nixpkgs",
        "rev": "59bfda72480496f32787cec8c557182738b1bd3f",
        "type": "github"
      },
      "original": {
        "owner": "NixOS",
        "ref": "nixos-unstable",
        "repo": "nixpkgs",
        "type": "github"
      }
    },
    "nur": {
      "locked": {
        "lastModified": 1641213652,
        "narHash": "sha256-XixjjD8OTr8q1YMFDjQNzc2dwiz8xJhgfIGGIbE6ze8=",
        "owner": "nix-community",
        "repo": "NUR",
        "rev": "ad86ad150bdef22de6c0f3b58f9a8fb9777ae88b",
        "type": "github"
      },
      "original": {
        "id": "nur",
        "type": "indirect"
      }
    },
    "root": {
      "inputs": {
        "nixos-hardware": "nixos-hardware",
        "nixpkgs": "nixpkgs",
        "nixpkgs-unstable": "nixpkgs-unstable",
        "nur": "nur"
      }
    }
  },
  "root": "root",
  "version": 7
}
